
Microsoft Visual Studio Solution File, Format Version 12.00
# Visual Studio 15
VisualStudioVersion = 15.0.27703.2047
MinimumVisualStudioVersion = 10.0.40219.1
Project("{FAE04EC0-301F-11D3-BF4B-00C04F79EFBC}") = "ColdTranslation", "ColdTranslation\ColdTranslation.csproj", "{230D178C-CD56-412B-9D46-CA345F74B58D}"
EndProject
Global
	GlobalSection(SolutionConfigurationPlatforms) = preSolution
		Debug|Any CPU = Debug|Any CPU
		Release|Any CPU = Release|Any CPU
	EndGlobalSection
	GlobalSection(ProjectConfigurationPlatforms) = postSolution
		{230D178C-CD56-412B-9D46-CA345F74B58D}.Debug|Any CPU.ActiveCfg = Debug|Any CPU
		{230D178C-CD56-412B-9D46-CA345F74B58D}.Debug|Any CPU.Build.0 = Debug|Any CPU
		{230D178C-CD56-412B-9D46-CA345F74B58D}.Release|Any CPU.ActiveCfg = Release|Any CPU
		{230D178C-CD56-412B-9D46-CA345F74B58D}.Release|Any CPU.Build.0 = Release|Any CPU
	EndGlobalSection
	GlobalSection(SolutionProperties) = preSolution
		HideSolutionNode = FALSE
	EndGlobalSection
	GlobalSection(ExtensibilityGlobals) = postSolution
		SolutionGuid = {5E944DD5-5088-4DF8-B481-B95A9BD051A2}
	EndGlobalSection
EndGlobal
